
Microsoft Visual Studio Solution File, Format Version 12.00
# Visual Studio 15
VisualStudioVersion = 15.0.27428.2037
MinimumVisualStudioVersion = 10.0.40219.1
Project("{8BC9CEB8-8B4A-11D0-8D11-00A0C91BC942}") = "F2", "F2.vcxproj", "{E7F81D32-2830-4064-A68B-AE5C8C0B3D05}"
EndProject
Global
	GlobalSection(SolutionConfigurationPlatforms) = preSolution
		Debug|x64 = Debug|x64
		Debug|x86 = Debug|x86
		Release|x64 = Release|x64
		Release|x86 = Release|x86
	EndGlobalSection
	GlobalSection(ProjectConfigurationPlatforms) = postSolution
		{E7F81D32-2830-4064-A68B-AE5C8C0B3D05}.Debug|x64.ActiveCfg = Debug|x64
		{E7F81D32-2830-4064-A68B-AE5C8C0B3D05}.Debug|x64.Build.0 = Debug|x64
		{E7F81D32-2830-4064-A68B-AE5C8C0B3D05}.Debug|x86.ActiveCfg = Debug|Win32
		{E7F81D32-2830-4064-A68B-AE5C8C0B3D05}.Debug|x86.Build.0 = Debug|Win32
		{E7F81D32-2830-4064-A68B-AE5C8C0B3D05}.Release|x64.ActiveCfg = Release|x64
		{E7F81D32-2830-4064-A68B-AE5C8C0B3D05}.Release|x64.Build.0 = Release|x64
		{E7F81D32-2830-4064-A68B-AE5C8C0B3D05}.Release|x86.ActiveCfg = Release|Win32
		{E7F81D32-2830-4064-A68B-AE5C8C0B3D05}.Release|x86.Build.0 = Release|Win32
	EndGlobalSection
	GlobalSection(SolutionProperties) = preSolution
		HideSolutionNode = FALSE
	EndGlobalSection
	GlobalSection(ExtensibilityGlobals) = postSolution
		SolutionGuid = {812F2A34-5FC3-4BED-B204-944F66B050D2}
	EndGlobalSection
EndGlobal
