
Microsoft Visual Studio Solution File, Format Version 12.00
# Visual Studio 15
VisualStudioVersion = 15.0.27428.2037
MinimumVisualStudioVersion = 10.0.40219.1
Project("{8BC9CEB8-8B4A-11D0-8D11-00A0C91BC942}") = "F", "F.vcxproj", "{D49FDBA2-8254-4A44-84A2-2A19D123E7A9}"
EndProject
Global
	GlobalSection(SolutionConfigurationPlatforms) = preSolution
		Debug|x64 = Debug|x64
		Debug|x86 = Debug|x86
		Release|x64 = Release|x64
		Release|x86 = Release|x86
	EndGlobalSection
	GlobalSection(ProjectConfigurationPlatforms) = postSolution
		{D49FDBA2-8254-4A44-84A2-2A19D123E7A9}.Debug|x64.ActiveCfg = Debug|x64
		{D49FDBA2-8254-4A44-84A2-2A19D123E7A9}.Debug|x64.Build.0 = Debug|x64
		{D49FDBA2-8254-4A44-84A2-2A19D123E7A9}.Debug|x86.ActiveCfg = Debug|Win32
		{D49FDBA2-8254-4A44-84A2-2A19D123E7A9}.Debug|x86.Build.0 = Debug|Win32
		{D49FDBA2-8254-4A44-84A2-2A19D123E7A9}.Release|x64.ActiveCfg = Release|x64
		{D49FDBA2-8254-4A44-84A2-2A19D123E7A9}.Release|x64.Build.0 = Release|x64
		{D49FDBA2-8254-4A44-84A2-2A19D123E7A9}.Release|x86.ActiveCfg = Release|Win32
		{D49FDBA2-8254-4A44-84A2-2A19D123E7A9}.Release|x86.Build.0 = Release|Win32
	EndGlobalSection
	GlobalSection(SolutionProperties) = preSolution
		HideSolutionNode = FALSE
	EndGlobalSection
	GlobalSection(ExtensibilityGlobals) = postSolution
		SolutionGuid = {333E48EF-5DCF-4D9D-90C1-AF9E6895F718}
	EndGlobalSection
EndGlobal
