
Microsoft Visual Studio Solution File, Format Version 12.00
# Visual Studio 15
VisualStudioVersion = 15.0.27428.2037
MinimumVisualStudioVersion = 10.0.40219.1
Project("{8BC9CEB8-8B4A-11D0-8D11-00A0C91BC942}") = "D", "D.vcxproj", "{62A537DC-F583-4C56-A57E-54497F075ABA}"
EndProject
Global
	GlobalSection(SolutionConfigurationPlatforms) = preSolution
		Debug|x64 = Debug|x64
		Debug|x86 = Debug|x86
		Release|x64 = Release|x64
		Release|x86 = Release|x86
	EndGlobalSection
	GlobalSection(ProjectConfigurationPlatforms) = postSolution
		{62A537DC-F583-4C56-A57E-54497F075ABA}.Debug|x64.ActiveCfg = Debug|x64
		{62A537DC-F583-4C56-A57E-54497F075ABA}.Debug|x64.Build.0 = Debug|x64
		{62A537DC-F583-4C56-A57E-54497F075ABA}.Debug|x86.ActiveCfg = Debug|Win32
		{62A537DC-F583-4C56-A57E-54497F075ABA}.Debug|x86.Build.0 = Debug|Win32
		{62A537DC-F583-4C56-A57E-54497F075ABA}.Release|x64.ActiveCfg = Release|x64
		{62A537DC-F583-4C56-A57E-54497F075ABA}.Release|x64.Build.0 = Release|x64
		{62A537DC-F583-4C56-A57E-54497F075ABA}.Release|x86.ActiveCfg = Release|Win32
		{62A537DC-F583-4C56-A57E-54497F075ABA}.Release|x86.Build.0 = Release|Win32
	EndGlobalSection
	GlobalSection(SolutionProperties) = preSolution
		HideSolutionNode = FALSE
	EndGlobalSection
	GlobalSection(ExtensibilityGlobals) = postSolution
		SolutionGuid = {5746848D-2709-4C82-A597-EA58ADDF3B50}
	EndGlobalSection
EndGlobal
