
Microsoft Visual Studio Solution File, Format Version 12.00
# Visual Studio 15
VisualStudioVersion = 15.0.27428.2037
MinimumVisualStudioVersion = 10.0.40219.1
Project("{8BC9CEB8-8B4A-11D0-8D11-00A0C91BC942}") = "A", "A\win\A.vcxproj", "{9007B357-9152-4AD3-9678-C306DC9506BE}"
EndProject
Project("{8BC9CEB8-8B4A-11D0-8D11-00A0C91BC942}") = "B1", "B1\win\B1.vcxproj", "{7E66A415-A600-453E-BE68-A5453ED60DEC}"
EndProject
Project("{8BC9CEB8-8B4A-11D0-8D11-00A0C91BC942}") = "B2", "B2\win\B2.vcxproj", "{37615EB7-2532-4ECB-A809-0E7C7CCA7BA8}"
EndProject
Project("{8BC9CEB8-8B4A-11D0-8D11-00A0C91BC942}") = "C1", "C1\win\C1.vcxproj", "{C6E8C58D-2A82-42F9-9D62-32BF05DCE1A6}"
EndProject
Project("{8BC9CEB8-8B4A-11D0-8D11-00A0C91BC942}") = "C2", "C2\win\C2.vcxproj", "{740165F5-F81C-4D3B-BC29-526376BF06D1}"
EndProject
Project("{8BC9CEB8-8B4A-11D0-8D11-00A0C91BC942}") = "D1", "D1\win\D1.vcxproj", "{DFB2CAA9-7BE8-4D95-AC1C-AA3C28617F24}"
EndProject
Project("{8BC9CEB8-8B4A-11D0-8D11-00A0C91BC942}") = "D2", "D2\win\D2.vcxproj", "{1B037FD8-29D0-4659-81EB-AA2158581F2E}"
EndProject
Project("{8BC9CEB8-8B4A-11D0-8D11-00A0C91BC942}") = "E", "E\win\E.vcxproj", "{63010002-CA86-41E9-AC6C-DB267A403916}"
EndProject
Project("{8BC9CEB8-8B4A-11D0-8D11-00A0C91BC942}") = "F", "F\win\F.vcxproj", "{61A0AF18-941A-4319-89A4-73CD4E429D6C}"
EndProject
Global
	GlobalSection(SolutionConfigurationPlatforms) = preSolution
		Debug|x64 = Debug|x64
		Debug|x86 = Debug|x86
		Release|x64 = Release|x64
		Release|x86 = Release|x86
	EndGlobalSection
	GlobalSection(ProjectConfigurationPlatforms) = postSolution
		{9007B357-9152-4AD3-9678-C306DC9506BE}.Debug|x64.ActiveCfg = Debug|x64
		{9007B357-9152-4AD3-9678-C306DC9506BE}.Debug|x64.Build.0 = Debug|x64
		{9007B357-9152-4AD3-9678-C306DC9506BE}.Debug|x86.ActiveCfg = Debug|Win32
		{9007B357-9152-4AD3-9678-C306DC9506BE}.Debug|x86.Build.0 = Debug|Win32
		{9007B357-9152-4AD3-9678-C306DC9506BE}.Release|x64.ActiveCfg = Release|x64
		{9007B357-9152-4AD3-9678-C306DC9506BE}.Release|x64.Build.0 = Release|x64
		{9007B357-9152-4AD3-9678-C306DC9506BE}.Release|x86.ActiveCfg = Release|Win32
		{9007B357-9152-4AD3-9678-C306DC9506BE}.Release|x86.Build.0 = Release|Win32
		{7E66A415-A600-453E-BE68-A5453ED60DEC}.Debug|x64.ActiveCfg = Debug|x64
		{7E66A415-A600-453E-BE68-A5453ED60DEC}.Debug|x64.Build.0 = Debug|x64
		{7E66A415-A600-453E-BE68-A5453ED60DEC}.Debug|x86.ActiveCfg = Debug|Win32
		{7E66A415-A600-453E-BE68-A5453ED60DEC}.Debug|x86.Build.0 = Debug|Win32
		{7E66A415-A600-453E-BE68-A5453ED60DEC}.Release|x64.ActiveCfg = Release|x64
		{7E66A415-A600-453E-BE68-A5453ED60DEC}.Release|x64.Build.0 = Release|x64
		{7E66A415-A600-453E-BE68-A5453ED60DEC}.Release|x86.ActiveCfg = Release|Win32
		{7E66A415-A600-453E-BE68-A5453ED60DEC}.Release|x86.Build.0 = Release|Win32
		{37615EB7-2532-4ECB-A809-0E7C7CCA7BA8}.Debug|x64.ActiveCfg = Debug|x64
		{37615EB7-2532-4ECB-A809-0E7C7CCA7BA8}.Debug|x64.Build.0 = Debug|x64
		{37615EB7-2532-4ECB-A809-0E7C7CCA7BA8}.Debug|x86.ActiveCfg = Debug|Win32
		{37615EB7-2532-4ECB-A809-0E7C7CCA7BA8}.Debug|x86.Build.0 = Debug|Win32
		{37615EB7-2532-4ECB-A809-0E7C7CCA7BA8}.Release|x64.ActiveCfg = Release|x64
		{37615EB7-2532-4ECB-A809-0E7C7CCA7BA8}.Release|x64.Build.0 = Release|x64
		{37615EB7-2532-4ECB-A809-0E7C7CCA7BA8}.Release|x86.ActiveCfg = Release|Win32
		{37615EB7-2532-4ECB-A809-0E7C7CCA7BA8}.Release|x86.Build.0 = Release|Win32
		{C6E8C58D-2A82-42F9-9D62-32BF05DCE1A6}.Debug|x64.ActiveCfg = Debug|x64
		{C6E8C58D-2A82-42F9-9D62-32BF05DCE1A6}.Debug|x64.Build.0 = Debug|x64
		{C6E8C58D-2A82-42F9-9D62-32BF05DCE1A6}.Debug|x86.ActiveCfg = Debug|Win32
		{C6E8C58D-2A82-42F9-9D62-32BF05DCE1A6}.Debug|x86.Build.0 = Debug|Win32
		{C6E8C58D-2A82-42F9-9D62-32BF05DCE1A6}.Release|x64.ActiveCfg = Release|x64
		{C6E8C58D-2A82-42F9-9D62-32BF05DCE1A6}.Release|x64.Build.0 = Release|x64
		{C6E8C58D-2A82-42F9-9D62-32BF05DCE1A6}.Release|x86.ActiveCfg = Release|Win32
		{C6E8C58D-2A82-42F9-9D62-32BF05DCE1A6}.Release|x86.Build.0 = Release|Win32
		{740165F5-F81C-4D3B-BC29-526376BF06D1}.Debug|x64.ActiveCfg = Debug|x64
		{740165F5-F81C-4D3B-BC29-526376BF06D1}.Debug|x64.Build.0 = Debug|x64
		{740165F5-F81C-4D3B-BC29-526376BF06D1}.Debug|x86.ActiveCfg = Debug|Win32
		{740165F5-F81C-4D3B-BC29-526376BF06D1}.Debug|x86.Build.0 = Debug|Win32
		{740165F5-F81C-4D3B-BC29-526376BF06D1}.Release|x64.ActiveCfg = Release|x64
		{740165F5-F81C-4D3B-BC29-526376BF06D1}.Release|x64.Build.0 = Release|x64
		{740165F5-F81C-4D3B-BC29-526376BF06D1}.Release|x86.ActiveCfg = Release|Win32
		{740165F5-F81C-4D3B-BC29-526376BF06D1}.Release|x86.Build.0 = Release|Win32
		{DFB2CAA9-7BE8-4D95-AC1C-AA3C28617F24}.Debug|x64.ActiveCfg = Debug|x64
		{DFB2CAA9-7BE8-4D95-AC1C-AA3C28617F24}.Debug|x64.Build.0 = Debug|x64
		{DFB2CAA9-7BE8-4D95-AC1C-AA3C28617F24}.Debug|x86.ActiveCfg = Debug|Win32
		{DFB2CAA9-7BE8-4D95-AC1C-AA3C28617F24}.Debug|x86.Build.0 = Debug|Win32
		{DFB2CAA9-7BE8-4D95-AC1C-AA3C28617F24}.Release|x64.ActiveCfg = Release|x64
		{DFB2CAA9-7BE8-4D95-AC1C-AA3C28617F24}.Release|x64.Build.0 = Release|x64
		{DFB2CAA9-7BE8-4D95-AC1C-AA3C28617F24}.Release|x86.ActiveCfg = Release|Win32
		{DFB2CAA9-7BE8-4D95-AC1C-AA3C28617F24}.Release|x86.Build.0 = Release|Win32
		{1B037FD8-29D0-4659-81EB-AA2158581F2E}.Debug|x64.ActiveCfg = Debug|x64
		{1B037FD8-29D0-4659-81EB-AA2158581F2E}.Debug|x64.Build.0 = Debug|x64
		{1B037FD8-29D0-4659-81EB-AA2158581F2E}.Debug|x86.ActiveCfg = Debug|Win32
		{1B037FD8-29D0-4659-81EB-AA2158581F2E}.Debug|x86.Build.0 = Debug|Win32
		{1B037FD8-29D0-4659-81EB-AA2158581F2E}.Release|x64.ActiveCfg = Release|x64
		{1B037FD8-29D0-4659-81EB-AA2158581F2E}.Release|x64.Build.0 = Release|x64
		{1B037FD8-29D0-4659-81EB-AA2158581F2E}.Release|x86.ActiveCfg = Release|Win32
		{1B037FD8-29D0-4659-81EB-AA2158581F2E}.Release|x86.Build.0 = Release|Win32
		{63010002-CA86-41E9-AC6C-DB267A403916}.Debug|x64.ActiveCfg = Debug|x64
		{63010002-CA86-41E9-AC6C-DB267A403916}.Debug|x64.Build.0 = Debug|x64
		{63010002-CA86-41E9-AC6C-DB267A403916}.Debug|x86.ActiveCfg = Debug|Win32
		{63010002-CA86-41E9-AC6C-DB267A403916}.Debug|x86.Build.0 = Debug|Win32
		{63010002-CA86-41E9-AC6C-DB267A403916}.Release|x64.ActiveCfg = Release|x64
		{63010002-CA86-41E9-AC6C-DB267A403916}.Release|x64.Build.0 = Release|x64
		{63010002-CA86-41E9-AC6C-DB267A403916}.Release|x86.ActiveCfg = Release|Win32
		{63010002-CA86-41E9-AC6C-DB267A403916}.Release|x86.Build.0 = Release|Win32
		{61A0AF18-941A-4319-89A4-73CD4E429D6C}.Debug|x64.ActiveCfg = Debug|x64
		{61A0AF18-941A-4319-89A4-73CD4E429D6C}.Debug|x64.Build.0 = Debug|x64
		{61A0AF18-941A-4319-89A4-73CD4E429D6C}.Debug|x86.ActiveCfg = Debug|Win32
		{61A0AF18-941A-4319-89A4-73CD4E429D6C}.Debug|x86.Build.0 = Debug|Win32
		{61A0AF18-941A-4319-89A4-73CD4E429D6C}.Release|x64.ActiveCfg = Release|x64
		{61A0AF18-941A-4319-89A4-73CD4E429D6C}.Release|x64.Build.0 = Release|x64
		{61A0AF18-941A-4319-89A4-73CD4E429D6C}.Release|x86.ActiveCfg = Release|Win32
		{61A0AF18-941A-4319-89A4-73CD4E429D6C}.Release|x86.Build.0 = Release|Win32
	EndGlobalSection
	GlobalSection(SolutionProperties) = preSolution
		HideSolutionNode = FALSE
	EndGlobalSection
	GlobalSection(ExtensibilityGlobals) = postSolution
		SolutionGuid = {400A8594-EE5A-42A1-9906-E3B5E0F4E0A8}
	EndGlobalSection
EndGlobal
