
Microsoft Visual Studio Solution File, Format Version 12.00
# Visual Studio 15
VisualStudioVersion = 15.0.27428.2037
MinimumVisualStudioVersion = 10.0.40219.1
Project("{8BC9CEB8-8B4A-11D0-8D11-00A0C91BC942}") = "A", "A\win\A.vcxproj", "{B744B320-3D5D-4DD1-95A2-F8C13756A71D}"
EndProject
Project("{8BC9CEB8-8B4A-11D0-8D11-00A0C91BC942}") = "B", "B\win\B.vcxproj", "{7689749A-215A-4307-958E-65E2DF90B5D2}"
EndProject
Project("{8BC9CEB8-8B4A-11D0-8D11-00A0C91BC942}") = "C", "C\win\C.vcxproj", "{608502CF-FC6D-4967-96C5-5BDA062902C8}"
EndProject
Project("{8BC9CEB8-8B4A-11D0-8D11-00A0C91BC942}") = "D", "D\win\D.vcxproj", "{0060E829-64E2-479E-8154-F799CEA0AB35}"
EndProject
Project("{8BC9CEB8-8B4A-11D0-8D11-00A0C91BC942}") = "E", "E\win\E.vcxproj", "{EC1F7DE3-F392-4AE3-8D22-E52333FF8F51}"
EndProject
Project("{8BC9CEB8-8B4A-11D0-8D11-00A0C91BC942}") = "F", "F\win\F.vcxproj", "{F57A6DBA-B4D8-4F4F-9BF8-718E3E284ADD}"
EndProject
Project("{8BC9CEB8-8B4A-11D0-8D11-00A0C91BC942}") = "G", "G\win\G.vcxproj", "{ABF7D9DB-9F57-4F07-A113-2E05B28A52C9}"
EndProject
Project("{8BC9CEB8-8B4A-11D0-8D11-00A0C91BC942}") = "H", "H\win\H.vcxproj", "{76C26E52-08D5-43B5-B774-11E961C0F898}"
EndProject
Global
	GlobalSection(SolutionConfigurationPlatforms) = preSolution
		Debug|x64 = Debug|x64
		Debug|x86 = Debug|x86
		Release|x64 = Release|x64
		Release|x86 = Release|x86
	EndGlobalSection
	GlobalSection(ProjectConfigurationPlatforms) = postSolution
		{B744B320-3D5D-4DD1-95A2-F8C13756A71D}.Debug|x64.ActiveCfg = Debug|x64
		{B744B320-3D5D-4DD1-95A2-F8C13756A71D}.Debug|x64.Build.0 = Debug|x64
		{B744B320-3D5D-4DD1-95A2-F8C13756A71D}.Debug|x86.ActiveCfg = Debug|Win32
		{B744B320-3D5D-4DD1-95A2-F8C13756A71D}.Debug|x86.Build.0 = Debug|Win32
		{B744B320-3D5D-4DD1-95A2-F8C13756A71D}.Release|x64.ActiveCfg = Release|x64
		{B744B320-3D5D-4DD1-95A2-F8C13756A71D}.Release|x64.Build.0 = Release|x64
		{B744B320-3D5D-4DD1-95A2-F8C13756A71D}.Release|x86.ActiveCfg = Release|Win32
		{B744B320-3D5D-4DD1-95A2-F8C13756A71D}.Release|x86.Build.0 = Release|Win32
		{7689749A-215A-4307-958E-65E2DF90B5D2}.Debug|x64.ActiveCfg = Debug|x64
		{7689749A-215A-4307-958E-65E2DF90B5D2}.Debug|x64.Build.0 = Debug|x64
		{7689749A-215A-4307-958E-65E2DF90B5D2}.Debug|x86.ActiveCfg = Debug|Win32
		{7689749A-215A-4307-958E-65E2DF90B5D2}.Debug|x86.Build.0 = Debug|Win32
		{7689749A-215A-4307-958E-65E2DF90B5D2}.Release|x64.ActiveCfg = Release|x64
		{7689749A-215A-4307-958E-65E2DF90B5D2}.Release|x64.Build.0 = Release|x64
		{7689749A-215A-4307-958E-65E2DF90B5D2}.Release|x86.ActiveCfg = Release|Win32
		{7689749A-215A-4307-958E-65E2DF90B5D2}.Release|x86.Build.0 = Release|Win32
		{608502CF-FC6D-4967-96C5-5BDA062902C8}.Debug|x64.ActiveCfg = Debug|x64
		{608502CF-FC6D-4967-96C5-5BDA062902C8}.Debug|x64.Build.0 = Debug|x64
		{608502CF-FC6D-4967-96C5-5BDA062902C8}.Debug|x86.ActiveCfg = Debug|Win32
		{608502CF-FC6D-4967-96C5-5BDA062902C8}.Debug|x86.Build.0 = Debug|Win32
		{608502CF-FC6D-4967-96C5-5BDA062902C8}.Release|x64.ActiveCfg = Release|x64
		{608502CF-FC6D-4967-96C5-5BDA062902C8}.Release|x64.Build.0 = Release|x64
		{608502CF-FC6D-4967-96C5-5BDA062902C8}.Release|x86.ActiveCfg = Release|Win32
		{608502CF-FC6D-4967-96C5-5BDA062902C8}.Release|x86.Build.0 = Release|Win32
		{0060E829-64E2-479E-8154-F799CEA0AB35}.Debug|x64.ActiveCfg = Debug|x64
		{0060E829-64E2-479E-8154-F799CEA0AB35}.Debug|x64.Build.0 = Debug|x64
		{0060E829-64E2-479E-8154-F799CEA0AB35}.Debug|x86.ActiveCfg = Debug|Win32
		{0060E829-64E2-479E-8154-F799CEA0AB35}.Debug|x86.Build.0 = Debug|Win32
		{0060E829-64E2-479E-8154-F799CEA0AB35}.Release|x64.ActiveCfg = Release|x64
		{0060E829-64E2-479E-8154-F799CEA0AB35}.Release|x64.Build.0 = Release|x64
		{0060E829-64E2-479E-8154-F799CEA0AB35}.Release|x86.ActiveCfg = Release|Win32
		{0060E829-64E2-479E-8154-F799CEA0AB35}.Release|x86.Build.0 = Release|Win32
		{EC1F7DE3-F392-4AE3-8D22-E52333FF8F51}.Debug|x64.ActiveCfg = Debug|x64
		{EC1F7DE3-F392-4AE3-8D22-E52333FF8F51}.Debug|x64.Build.0 = Debug|x64
		{EC1F7DE3-F392-4AE3-8D22-E52333FF8F51}.Debug|x86.ActiveCfg = Debug|Win32
		{EC1F7DE3-F392-4AE3-8D22-E52333FF8F51}.Debug|x86.Build.0 = Debug|Win32
		{EC1F7DE3-F392-4AE3-8D22-E52333FF8F51}.Release|x64.ActiveCfg = Release|x64
		{EC1F7DE3-F392-4AE3-8D22-E52333FF8F51}.Release|x64.Build.0 = Release|x64
		{EC1F7DE3-F392-4AE3-8D22-E52333FF8F51}.Release|x86.ActiveCfg = Release|Win32
		{EC1F7DE3-F392-4AE3-8D22-E52333FF8F51}.Release|x86.Build.0 = Release|Win32
		{F57A6DBA-B4D8-4F4F-9BF8-718E3E284ADD}.Debug|x64.ActiveCfg = Debug|x64
		{F57A6DBA-B4D8-4F4F-9BF8-718E3E284ADD}.Debug|x64.Build.0 = Debug|x64
		{F57A6DBA-B4D8-4F4F-9BF8-718E3E284ADD}.Debug|x86.ActiveCfg = Debug|Win32
		{F57A6DBA-B4D8-4F4F-9BF8-718E3E284ADD}.Debug|x86.Build.0 = Debug|Win32
		{F57A6DBA-B4D8-4F4F-9BF8-718E3E284ADD}.Release|x64.ActiveCfg = Release|x64
		{F57A6DBA-B4D8-4F4F-9BF8-718E3E284ADD}.Release|x64.Build.0 = Release|x64
		{F57A6DBA-B4D8-4F4F-9BF8-718E3E284ADD}.Release|x86.ActiveCfg = Release|Win32
		{F57A6DBA-B4D8-4F4F-9BF8-718E3E284ADD}.Release|x86.Build.0 = Release|Win32
		{ABF7D9DB-9F57-4F07-A113-2E05B28A52C9}.Debug|x64.ActiveCfg = Debug|x64
		{ABF7D9DB-9F57-4F07-A113-2E05B28A52C9}.Debug|x64.Build.0 = Debug|x64
		{ABF7D9DB-9F57-4F07-A113-2E05B28A52C9}.Debug|x86.ActiveCfg = Debug|Win32
		{ABF7D9DB-9F57-4F07-A113-2E05B28A52C9}.Debug|x86.Build.0 = Debug|Win32
		{ABF7D9DB-9F57-4F07-A113-2E05B28A52C9}.Release|x64.ActiveCfg = Release|x64
		{ABF7D9DB-9F57-4F07-A113-2E05B28A52C9}.Release|x64.Build.0 = Release|x64
		{ABF7D9DB-9F57-4F07-A113-2E05B28A52C9}.Release|x86.ActiveCfg = Release|Win32
		{ABF7D9DB-9F57-4F07-A113-2E05B28A52C9}.Release|x86.Build.0 = Release|Win32
		{76C26E52-08D5-43B5-B774-11E961C0F898}.Debug|x64.ActiveCfg = Debug|x64
		{76C26E52-08D5-43B5-B774-11E961C0F898}.Debug|x64.Build.0 = Debug|x64
		{76C26E52-08D5-43B5-B774-11E961C0F898}.Debug|x86.ActiveCfg = Debug|Win32
		{76C26E52-08D5-43B5-B774-11E961C0F898}.Debug|x86.Build.0 = Debug|Win32
		{76C26E52-08D5-43B5-B774-11E961C0F898}.Release|x64.ActiveCfg = Release|x64
		{76C26E52-08D5-43B5-B774-11E961C0F898}.Release|x64.Build.0 = Release|x64
		{76C26E52-08D5-43B5-B774-11E961C0F898}.Release|x86.ActiveCfg = Release|Win32
		{76C26E52-08D5-43B5-B774-11E961C0F898}.Release|x86.Build.0 = Release|Win32
	EndGlobalSection
	GlobalSection(SolutionProperties) = preSolution
		HideSolutionNode = FALSE
	EndGlobalSection
	GlobalSection(ExtensibilityGlobals) = postSolution
		SolutionGuid = {5DB405F4-46E2-4597-AAE7-7E582606DCA9}
	EndGlobalSection
EndGlobal
