
Microsoft Visual Studio Solution File, Format Version 12.00
# Visual Studio 15
VisualStudioVersion = 15.0.27428.2037
MinimumVisualStudioVersion = 10.0.40219.1
Project("{8BC9CEB8-8B4A-11D0-8D11-00A0C91BC942}") = "C", "C.vcxproj", "{07CE68C8-D40D-4608-8047-BE15C7B8B409}"
EndProject
Global
	GlobalSection(SolutionConfigurationPlatforms) = preSolution
		Debug|x64 = Debug|x64
		Debug|x86 = Debug|x86
		Release|x64 = Release|x64
		Release|x86 = Release|x86
	EndGlobalSection
	GlobalSection(ProjectConfigurationPlatforms) = postSolution
		{07CE68C8-D40D-4608-8047-BE15C7B8B409}.Debug|x64.ActiveCfg = Debug|x64
		{07CE68C8-D40D-4608-8047-BE15C7B8B409}.Debug|x64.Build.0 = Debug|x64
		{07CE68C8-D40D-4608-8047-BE15C7B8B409}.Debug|x86.ActiveCfg = Debug|Win32
		{07CE68C8-D40D-4608-8047-BE15C7B8B409}.Debug|x86.Build.0 = Debug|Win32
		{07CE68C8-D40D-4608-8047-BE15C7B8B409}.Release|x64.ActiveCfg = Release|x64
		{07CE68C8-D40D-4608-8047-BE15C7B8B409}.Release|x64.Build.0 = Release|x64
		{07CE68C8-D40D-4608-8047-BE15C7B8B409}.Release|x86.ActiveCfg = Release|Win32
		{07CE68C8-D40D-4608-8047-BE15C7B8B409}.Release|x86.Build.0 = Release|Win32
	EndGlobalSection
	GlobalSection(SolutionProperties) = preSolution
		HideSolutionNode = FALSE
	EndGlobalSection
	GlobalSection(ExtensibilityGlobals) = postSolution
		SolutionGuid = {8DA0E4E2-42DB-4700-9E70-7B4DF6F8F917}
	EndGlobalSection
EndGlobal
